{
  "name": "beepsans",
  "version": "1.0.0",
  "lockfileVersion": 3,
  "requires": true,
  "packages": {
    "": {
      "name": "beep",
      "version": "1.0.0",
      "license": "SIL OPEN FONT LICENSE",
      "dependencies": {
        "beep": "^0.0.0"
      }
    },
    "node_modules/beep": {
      "version": "0.0.0",
      "resolved": "https://registry.npmjs.org/beep/-/beep-0.0.0.tgz",
      "integrity": "sha512-L/SvbLk1oTwfu7ipLpO8CJURqDCAFFXfLJwYIkDlFnQ1Wd+Fgje8OfTdy5HNqqaNeqZJ9Bbqk4UgXmDauCBjNQ==",
      "engines": {
        "node": ">=0.6.0"
      }
    }
  }
}
